
Microsoft Visual Studio Solution File, Format Version 12.00
# Visual Studio Version 16
VisualStudioVersion = 16.0.31313.79
MinimumVisualStudioVersion = 10.0.40219.1
Project("{9A19103F-16F7-4668-BE54-9A1E7A4F7556}") = "ServerProject", "ServerProject\ServerProject.csproj", "{58057EAC-8F9A-40ED-8FE6-0B280D53F5CE}"
EndProject
Project("{9A19103F-16F7-4668-BE54-9A1E7A4F7556}") = "ClientProject", "ClientProject\ClientProject.csproj", "{93B0776E-58F1-4C06-BAB8-29A42A3A8852}"
EndProject
Global
	GlobalSection(SolutionConfigurationPlatforms) = preSolution
		Debug|Any CPU = Debug|Any CPU
		Release|Any CPU = Release|Any CPU
	EndGlobalSection
	GlobalSection(ProjectConfigurationPlatforms) = postSolution
		{58057EAC-8F9A-40ED-8FE6-0B280D53F5CE}.Debug|Any CPU.ActiveCfg = Debug|Any CPU
		{58057EAC-8F9A-40ED-8FE6-0B280D53F5CE}.Debug|Any CPU.Build.0 = Debug|Any CPU
		{58057EAC-8F9A-40ED-8FE6-0B280D53F5CE}.Release|Any CPU.ActiveCfg = Release|Any CPU
		{58057EAC-8F9A-40ED-8FE6-0B280D53F5CE}.Release|Any CPU.Build.0 = Release|Any CPU
		{93B0776E-58F1-4C06-BAB8-29A42A3A8852}.Debug|Any CPU.ActiveCfg = Debug|Any CPU
		{93B0776E-58F1-4C06-BAB8-29A42A3A8852}.Debug|Any CPU.Build.0 = Debug|Any CPU
		{93B0776E-58F1-4C06-BAB8-29A42A3A8852}.Release|Any CPU.ActiveCfg = Release|Any CPU
		{93B0776E-58F1-4C06-BAB8-29A42A3A8852}.Release|Any CPU.Build.0 = Release|Any CPU
	EndGlobalSection
	GlobalSection(SolutionProperties) = preSolution
		HideSolutionNode = FALSE
	EndGlobalSection
	GlobalSection(ExtensibilityGlobals) = postSolution
		SolutionGuid = {161D83AA-C2D7-447A-84C8-B07D7B3429A4}
	EndGlobalSection
EndGlobal
