
Microsoft Visual Studio Solution File, Format Version 12.00
# Visual Studio Version 16
VisualStudioVersion = 16.0.31313.79
MinimumVisualStudioVersion = 10.0.40219.1
Project("{FAE04EC0-301F-11D3-BF4B-00C04F79EFBC}") = "ServerProject", "ServerProject\ServerProject.csproj", "{58057EAC-8F9A-40ED-8FE6-0B280D53F5CE}"
EndProject
Project("{FAE04EC0-301F-11D3-BF4B-00C04F79EFBC}") = "ClientProject", "ClientProject\ClientProject.csproj", "{93B0776E-58F1-4C06-BAB8-29A42A3A8852}"
EndProject
Global
	GlobalSection(SolutionConfigurationPlatforms) = preSolution
		Debug|Any CPU = Debug|Any CPU
		Release|Any CPU = Release|Any CPU
	EndGlobalSection
	GlobalSection(ProjectConfigurationPlatforms) = postSolution
		{58057EAC-8F9A-40ED-8FE6-0B280D53F5CE}.Debug|Any CPU.ActiveCfg = Debug|Any CPU
		{58057EAC-8F9A-40ED-8FE6-0B280D53F5CE}.Debug|Any CPU.Build.0 = Debug|Any CPU
		{58057EAC-8F9A-40ED-8FE6-0B280D53F5CE}.Release|Any CPU.ActiveCfg = Release|Any CPU
		{58057EAC-8F9A-40ED-8FE6-0B280D53F5CE}.Release|Any CPU.Build.0 = Release|Any CPU
		{93B0776E-58F1-4C06-BAB8-29A42A3A8852}.Debug|Any CPU.ActiveCfg = Debug|Any CPU
		{93B0776E-58F1-4C06-BAB8-29A42A3A8852}.Debug|Any CPU.Build.0 = Debug|Any CPU
		{93B0776E-58F1-4C06-BAB8-29A42A3A8852}.Release|Any CPU.ActiveCfg = Release|Any CPU
		{93B0776E-58F1-4C06-BAB8-29A42A3A8852}.Release|Any CPU.Build.0 = Release|Any CPU
	EndGlobalSection
	GlobalSection(SolutionProperties) = preSolution
		HideSolutionNode = FALSE
	EndGlobalSection
	GlobalSection(ExtensibilityGlobals) = postSolution
		SolutionGuid = {1D829347-A255-4216-B831-8F8D0D3C557F}
	EndGlobalSection
EndGlobal
